
Microsoft Visual Studio Solution File, Format Version 12.00
Project("{FAE04EC0-301F-11D3-BF4B-00C04F79EFBC}") = "ass1", "ass1\ass1.csproj", "{7B177821-0836-4CDB-A476-D667C5FBCAA2}"
EndProject
Global
	GlobalSection(SolutionConfigurationPlatforms) = preSolution
		Debug|Any CPU = Debug|Any CPU
		Release|Any CPU = Release|Any CPU
	EndGlobalSection
	GlobalSection(ProjectConfigurationPlatforms) = postSolution
		{7B177821-0836-4CDB-A476-D667C5FBCAA2}.Debug|Any CPU.ActiveCfg = Debug|Any CPU
		{7B177821-0836-4CDB-A476-D667C5FBCAA2}.Debug|Any CPU.Build.0 = Debug|Any CPU
		{7B177821-0836-4CDB-A476-D667C5FBCAA2}.Release|Any CPU.ActiveCfg = Release|Any CPU
		{7B177821-0836-4CDB-A476-D667C5FBCAA2}.Release|Any CPU.Build.0 = Release|Any CPU
	EndGlobalSection
EndGlobal
