
Microsoft Visual Studio Solution File, Format Version 12.00
Project("{2150E333-8FDC-42A3-9474-1A3956D46DE8}") = "Server", "Server", "{1DD97324-C234-4EE9-B3B2-ED8A93412E0A}"
EndProject
Project("{FAE04EC0-301F-11D3-BF4B-00C04F79EFBC}") = "Entities", "Server\Entities\Entities.csproj", "{CC16783F-5585-44E7-91E9-224E1E955ADB}"
EndProject
Project("{FAE04EC0-301F-11D3-BF4B-00C04F79EFBC}") = "RepositoryContracts", "Server\RepositoryContracts\RepositoryContracts.csproj", "{09007398-C17C-4732-BE7F-CDD77C22451B}"
EndProject
Project("{FAE04EC0-301F-11D3-BF4B-00C04F79EFBC}") = "InMemoryRepositories", "Server\InMemoryRepositories\InMemoryRepositories.csproj", "{C9FCAD17-0D6C-4E43-9CC0-E7784762C087}"
EndProject
Project("{FAE04EC0-301F-11D3-BF4B-00C04F79EFBC}") = "CLI", "Server\CLI\CLI.csproj", "{13147868-92B3-43F3-9972-3C05DF60F423}"
EndProject
Global
	GlobalSection(SolutionConfigurationPlatforms) = preSolution
		Debug|Any CPU = Debug|Any CPU
		Debug|x64 = Debug|x64
		Debug|x86 = Debug|x86
		Release|Any CPU = Release|Any CPU
		Release|x64 = Release|x64
		Release|x86 = Release|x86
	EndGlobalSection
	GlobalSection(ProjectConfigurationPlatforms) = postSolution
		{CC16783F-5585-44E7-91E9-224E1E955ADB}.Debug|Any CPU.ActiveCfg = Debug|Any CPU
		{CC16783F-5585-44E7-91E9-224E1E955ADB}.Debug|Any CPU.Build.0 = Debug|Any CPU
		{CC16783F-5585-44E7-91E9-224E1E955ADB}.Debug|x64.ActiveCfg = Debug|Any CPU
		{CC16783F-5585-44E7-91E9-224E1E955ADB}.Debug|x64.Build.0 = Debug|Any CPU
		{CC16783F-5585-44E7-91E9-224E1E955ADB}.Debug|x86.ActiveCfg = Debug|Any CPU
		{CC16783F-5585-44E7-91E9-224E1E955ADB}.Debug|x86.Build.0 = Debug|Any CPU
		{CC16783F-5585-44E7-91E9-224E1E955ADB}.Release|Any CPU.ActiveCfg = Release|Any CPU
		{CC16783F-5585-44E7-91E9-224E1E955ADB}.Release|Any CPU.Build.0 = Release|Any CPU
		{CC16783F-5585-44E7-91E9-224E1E955ADB}.Release|x64.ActiveCfg = Release|Any CPU
		{CC16783F-5585-44E7-91E9-224E1E955ADB}.Release|x64.Build.0 = Release|Any CPU
		{CC16783F-5585-44E7-91E9-224E1E955ADB}.Release|x86.ActiveCfg = Release|Any CPU
		{CC16783F-5585-44E7-91E9-224E1E955ADB}.Release|x86.Build.0 = Release|Any CPU
		{09007398-C17C-4732-BE7F-CDD77C22451B}.Debug|Any CPU.ActiveCfg = Debug|Any CPU
		{09007398-C17C-4732-BE7F-CDD77C22451B}.Debug|Any CPU.Build.0 = Debug|Any CPU
		{09007398-C17C-4732-BE7F-CDD77C22451B}.Debug|x64.ActiveCfg = Debug|Any CPU
		{09007398-C17C-4732-BE7F-CDD77C22451B}.Debug|x64.Build.0 = Debug|Any CPU
		{09007398-C17C-4732-BE7F-CDD77C22451B}.Debug|x86.ActiveCfg = Debug|Any CPU
		{09007398-C17C-4732-BE7F-CDD77C22451B}.Debug|x86.Build.0 = Debug|Any CPU
		{09007398-C17C-4732-BE7F-CDD77C22451B}.Release|Any CPU.ActiveCfg = Release|Any CPU
		{09007398-C17C-4732-BE7F-CDD77C22451B}.Release|Any CPU.Build.0 = Release|Any CPU
		{09007398-C17C-4732-BE7F-CDD77C22451B}.Release|x64.ActiveCfg = Release|Any CPU
		{09007398-C17C-4732-BE7F-CDD77C22451B}.Release|x64.Build.0 = Release|Any CPU
		{09007398-C17C-4732-BE7F-CDD77C22451B}.Release|x86.ActiveCfg = Release|Any CPU
		{09007398-C17C-4732-BE7F-CDD77C22451B}.Release|x86.Build.0 = Release|Any CPU
		{C9FCAD17-0D6C-4E43-9CC0-E7784762C087}.Debug|Any CPU.ActiveCfg = Debug|Any CPU
		{C9FCAD17-0D6C-4E43-9CC0-E7784762C087}.Debug|Any CPU.Build.0 = Debug|Any CPU
		{C9FCAD17-0D6C-4E43-9CC0-E7784762C087}.Debug|x64.ActiveCfg = Debug|Any CPU
		{C9FCAD17-0D6C-4E43-9CC0-E7784762C087}.Debug|x64.Build.0 = Debug|Any CPU
		{C9FCAD17-0D6C-4E43-9CC0-E7784762C087}.Debug|x86.ActiveCfg = Debug|Any CPU
		{C9FCAD17-0D6C-4E43-9CC0-E7784762C087}.Debug|x86.Build.0 = Debug|Any CPU
		{C9FCAD17-0D6C-4E43-9CC0-E7784762C087}.Release|Any CPU.ActiveCfg = Release|Any CPU
		{C9FCAD17-0D6C-4E43-9CC0-E7784762C087}.Release|Any CPU.Build.0 = Release|Any CPU
		{C9FCAD17-0D6C-4E43-9CC0-E7784762C087}.Release|x64.ActiveCfg = Release|Any CPU
		{C9FCAD17-0D6C-4E43-9CC0-E7784762C087}.Release|x64.Build.0 = Release|Any CPU
		{C9FCAD17-0D6C-4E43-9CC0-E7784762C087}.Release|x86.ActiveCfg = Release|Any CPU
		{C9FCAD17-0D6C-4E43-9CC0-E7784762C087}.Release|x86.Build.0 = Release|Any CPU
		{13147868-92B3-43F3-9972-3C05DF60F423}.Debug|Any CPU.ActiveCfg = Debug|Any CPU
		{13147868-92B3-43F3-9972-3C05DF60F423}.Debug|Any CPU.Build.0 = Debug|Any CPU
		{13147868-92B3-43F3-9972-3C05DF60F423}.Debug|x64.ActiveCfg = Debug|Any CPU
		{13147868-92B3-43F3-9972-3C05DF60F423}.Debug|x64.Build.0 = Debug|Any CPU
		{13147868-92B3-43F3-9972-3C05DF60F423}.Debug|x86.ActiveCfg = Debug|Any CPU
		{13147868-92B3-43F3-9972-3C05DF60F423}.Debug|x86.Build.0 = Debug|Any CPU
		{13147868-92B3-43F3-9972-3C05DF60F423}.Release|Any CPU.ActiveCfg = Release|Any CPU
		{13147868-92B3-43F3-9972-3C05DF60F423}.Release|Any CPU.Build.0 = Release|Any CPU
		{13147868-92B3-43F3-9972-3C05DF60F423}.Release|x64.ActiveCfg = Release|Any CPU
		{13147868-92B3-43F3-9972-3C05DF60F423}.Release|x64.Build.0 = Release|Any CPU
		{13147868-92B3-43F3-9972-3C05DF60F423}.Release|x86.ActiveCfg = Release|Any CPU
		{13147868-92B3-43F3-9972-3C05DF60F423}.Release|x86.Build.0 = Release|Any CPU
	EndGlobalSection
	GlobalSection(SolutionProperties) = preSolution
		HideSolutionNode = FALSE
	EndGlobalSection
	GlobalSection(NestedProjects) = preSolution
		{CC16783F-5585-44E7-91E9-224E1E955ADB} = {1DD97324-C234-4EE9-B3B2-ED8A93412E0A}
		{09007398-C17C-4732-BE7F-CDD77C22451B} = {1DD97324-C234-4EE9-B3B2-ED8A93412E0A}
		{C9FCAD17-0D6C-4E43-9CC0-E7784762C087} = {1DD97324-C234-4EE9-B3B2-ED8A93412E0A}
		{13147868-92B3-43F3-9972-3C05DF60F423} = {1DD97324-C234-4EE9-B3B2-ED8A93412E0A}
	EndGlobalSection
EndGlobal
